// !$*UTF8*$!
{
	archiveVersion = 1;
	classes = {
	};
	objectVersion = 46;
	objects = {

/* Begin PBXBuildFile section */
		EE6FF6DB1E5005A100CC0E4F /* AppDelegate.swift in Sources */ = {isa = PBXBuildFile; fileRef = EE6FF6DA1E5005A100CC0E4F /* AppDelegate.swift */; };
		EE6FF6DD1E5005A100CC0E4F /* ViewController.swift in Sources */ = {isa = PBXBuildFile; fileRef = EE6FF6DC1E5005A100CC0E4F /* ViewController.swift */; };
		EE6FF6E01E5005A100CC0E4F /* Main.storyboard in Resources */ = {isa = PBXBuildFile; fileRef = EE6FF6DE1E5005A100CC0E4F /* Main.storyboard */; };
		EE6FF6E21E5005A100CC0E4F /* Assets.xcassets in Resources */ = {isa = PBXBuildFile; fileRef = EE6FF6E11E5005A100CC0E4F /* Assets.xcassets */; };
		EE6FF6E51E5005A100CC0E4F /* LaunchScreen.storyboard in Resources */ = {isa = PBXBuildFile; fileRef = EE6FF6E31E5005A100CC0E4F /* LaunchScreen.storyboard */; };
		EE6FF6F01E5005A200CC0E4F /* Alcool_ou_GasolinaTests.swift in Sources */ = {isa = PBXBuildFile; fileRef = EE6FF6EF1E5005A200CC0E4F /* Alcool_ou_GasolinaTests.swift */; };
		EE6FF6FB1E5005A200CC0E4F /* Alcool_ou_GasolinaUITests.swift in Sources */ = {isa = PBXBuildFile; fileRef = EE6FF6FA1E5005A200CC0E4F /* Alcool_ou_GasolinaUITests.swift */; };
/* End PBXBuildFile section */

/* Begin PBXContainerItemProxy section */
		EE6FF6EC1E5005A100CC0E4F /* PBXContainerItemProxy */ = {
			isa = PBXContainerItemProxy;
			containerPortal = EE6FF6CF1E5005A100CC0E4F /* Project object */;
			proxyType = 1;
			remoteGlobalIDString = EE6FF6D61E5005A100CC0E4F;
			remoteInfo = "Alcool ou Gasolina";
		};
		EE6FF6F71E5005A200CC0E4F /* PBXContainerItemProxy */ = {
			isa = PBXContainerItemProxy;
			containerPortal = EE6FF6CF1E5005A100CC0E4F /* Project object */;
			proxyType = 1;
			remoteGlobalIDString = EE6FF6D61E5005A100CC0E4F;
			remoteInfo = "Alcool ou Gasolina";
		};
/* End PBXContainerItemProxy section */

/* Begin PBXFileReference section */
		EE6FF6D71E5005A100CC0E4F /* Alcool ou Gasolina.app */ = {isa = PBXFileReference; explicitFileType = wrapper.application; includeInIndex = 0; path = "Alcool ou Gasolina.app"; sourceTree = BUILT_PRODUCTS_DIR; };
		EE6FF6DA1E5005A100CC0E4F /* AppDelegate.swift */ = {isa = PBXFileReference; lastKnownFileType = sourcecode.swift; path = AppDelegate.swift; sourceTree = "<group>"; };
		EE6FF6DC1E5005A100CC0E4F /* ViewController.swift */ = {isa = PBXFileReference; lastKnownFileType = sourcecode.swift; path = ViewController.swift; sourceTree = "<group>"; };
		EE6FF6DF1E5005A100CC0E4F /* Base */ = {isa = PBXFileReference; lastKnownFileType = file.storyboard; name = Base; path = Base.lproj/Main.storyboard; sourceTree = "<group>"; };
		EE6FF6E11E5005A100CC0E4F /* Assets.xcassets */ = {isa = PBXFileReference; lastKnownFileType = folder.assetcatalog; path = Assets.xcassets; sourceTree = "<group>"; };
		EE6FF6E41E5005A100CC0E4F /* Base */ = {isa = PBXFileReference; lastKnownFileType = file.storyboard; name = Base; path = Base.lproj/LaunchScreen.storyboard; sourceTree = "<group>"; };
		EE6FF6E61E5005A100CC0E4F /* Info.plist */ = {isa = PBXFileReference; lastKnownFileType = text.plist.xml; path = Info.plist; sourceTree = "<group>"; };
		EE6FF6EB1E5005A100CC0E4F /* Alcool ou GasolinaTests.xctest */ = {isa = PBXFileReference; explicitFileType = wrapper.cfbundle; includeInIndex = 0; path = "Alcool ou GasolinaTests.xctest"; sourceTree = BUILT_PRODUCTS_DIR; };
		EE6FF6EF1E5005A200CC0E4F /* Alcool_ou_GasolinaTests.swift */ = {isa = PBXFileReference; lastKnownFileType = sourcecode.swift; path = Alcool_ou_GasolinaTests.swift; sourceTree = "<group>"; };
		EE6FF6F11E5005A200CC0E4F /* Info.plist */ = {isa = PBXFileReference; lastKnownFileType = text.plist.xml; path = Info.plist; sourceTree = "<group>"; };
		EE6FF6F61E5005A200CC0E4F /* Alcool ou GasolinaUITests.xctest */ = {isa = PBXFileReference; explicitFileType = wrapper.cfbundle; includeInIndex = 0; path = "Alcool ou GasolinaUITests.xctest"; sourceTree = BUILT_PRODUCTS_DIR; };
		EE6FF6FA1E5005A200CC0E4F /* Alcool_ou_GasolinaUITests.swift */ = {isa = PBXFileReference; lastKnownFileType = sourcecode.swift; path = Alcool_ou_GasolinaUITests.swift; sourceTree = "<group>"; };
		EE6FF6FC1E5005A200CC0E4F /* Info.plist */ = {isa = PBXFileReference; lastKnownFileType = text.plist.xml; path = Info.plist; sourceTree = "<group>"; };
/* End PBXFileReference section */

/* Begin PBXFrameworksBuildPhase section */
		EE6FF6D41E5005A100CC0E4F /* Frameworks */ = {
			isa = PBXFrameworksBuildPhase;
			buildActionMask = 2147483647;
			files = (
			);
			runOnlyForDeploymentPostprocessing = 0;
		};
		EE6FF6E81E5005A100CC0E4F /* Frameworks */ = {
			isa = PBXFrameworksBuildPhase;
			buildActionMask = 2147483647;
			files = (
			);
			runOnlyForDeploymentPostprocessing = 0;
		};
		EE6FF6F31E5005A200CC0E4F /* Frameworks */ = {
			isa = PBXFrameworksBuildPhase;
			buildActionMask = 2147483647;
			files = (
			);
			runOnlyForDeploymentPostprocessing = 0;
		};
/* End PBXFrameworksBuildPhase section */

/* Begin PBXGroup section */
		EE6FF6CE1E5005A100CC0E4F = {
			isa = PBXGroup;
			children = (
				EE6FF6D91E5005A100CC0E4F /* Alcool ou Gasolina */,
				EE6FF6EE1E5005A200CC0E4F /* Alcool ou GasolinaTests */,
				EE6FF6F91E5005A200CC0E4F /* Alcool ou GasolinaUITests */,
				EE6FF6D81E5005A100CC0E4F /* Products */,
			);
			sourceTree = "<group>";
		};
		EE6FF6D81E5005A100CC0E4F /* Products */ = {
			isa = PBXGroup;
			children = (
				EE6FF6D71E5005A100CC0E4F /* Alcool ou Gasolina.app */,
				EE6FF6EB1E5005A100CC0E4F /* Alcool ou GasolinaTests.xctest */,
				EE6FF6F61E5005A200CC0E4F /* Alcool ou GasolinaUITests.xctest */,
			);
			name = Products;
			sourceTree = "<group>";
		};
		EE6FF6D91E5005A100CC0E4F /* Alcool ou Gasolina */ = {
			isa = PBXGroup;
			children = (
				EE6FF6DA1E5005A100CC0E4F /* AppDelegate.swift */,
				EE6FF6DC1E5005A100CC0E4F /* ViewController.swift */,
				EE6FF6DE1E5005A100CC0E4F /* Main.storyboard */,
				EE6FF6E11E5005A100CC0E4F /* Assets.xcassets */,
				EE6FF6E31E5005A100CC0E4F /* LaunchScreen.storyboard */,
				EE6FF6E61E5005A100CC0E4F /* Info.plist */,
			);
			path = "Alcool ou Gasolina";
			sourceTree = "<group>";
		};
		EE6FF6EE1E5005A200CC0E4F /* Alcool ou GasolinaTests */ = {
			isa = PBXGroup;
			children = (
				EE6FF6EF1E5005A200CC0E4F /* Alcool_ou_GasolinaTests.swift */,
				EE6FF6F11E5005A200CC0E4F /* Info.plist */,
			);
			path = "Alcool ou GasolinaTests";
			sourceTree = "<group>";
		};
		EE6FF6F91E5005A200CC0E4F /* Alcool ou GasolinaUITests */ = {
			isa = PBXGroup;
			children = (
				EE6FF6FA1E5005A200CC0E4F /* Alcool_ou_GasolinaUITests.swift */,
				EE6FF6FC1E5005A200CC0E4F /* Info.plist */,
			);
			path = "Alcool ou GasolinaUITests";
			sourceTree = "<group>";
		};
/* End PBXGroup section */

/* Begin PBXNativeTarget section */
		EE6FF6D61E5005A100CC0E4F /* Alcool ou Gasolina */ = {
			isa = PBXNativeTarget;
			buildConfigurationList = EE6FF6FF1E5005A200CC0E4F /* Build configuration list for PBXNativeTarget "Alcool ou Gasolina" */;
			buildPhases = (
				EE6FF6D31E5005A100CC0E4F /* Sources */,
				EE6FF6D41E5005A100CC0E4F /* Frameworks */,
				EE6FF6D51E5005A100CC0E4F /* Resources */,
			);
			buildRules = (
			);
			dependencies = (
			);
			name = "Alcool ou Gasolina";
			productName = "Alcool ou Gasolina";
			productReference = EE6FF6D71E5005A100CC0E4F /* Alcool ou Gasolina.app */;
			productType = "com.apple.product-type.application";
		};
		EE6FF6EA1E5005A100CC0E4F /* Alcool ou GasolinaTests */ = {
			isa = PBXNativeTarget;
			buildConfigurationList = EE6FF7021E5005A200CC0E4F /* Build configuration list for PBXNativeTarget "Alcool ou GasolinaTests" */;
			buildPhases = (
				EE6FF6E71E5005A100CC0E4F /* Sources */,
				EE6FF6E81E5005A100CC0E4F /* Frameworks */,
				EE6FF6E91E5005A100CC0E4F /* Resources */,
			);
			buildRules = (
			);
			dependencies = (
				EE6FF6ED1E5005A100CC0E4F /* PBXTargetDependency */,
			);
			name = "Alcool ou GasolinaTests";
			productName = "Alcool ou GasolinaTests";
			productReference = EE6FF6EB1E5005A100CC0E4F /* Alcool ou GasolinaTests.xctest */;
			productType = "com.apple.product-type.bundle.unit-test";
		};
		EE6FF6F51E5005A200CC0E4F /* Alcool ou GasolinaUITests */ = {
			isa = PBXNativeTarget;
			buildConfigurationList = EE6FF7051E5005A200CC0E4F /* Build configuration list for PBXNativeTarget "Alcool ou GasolinaUITests" */;
			buildPhases = (
				EE6FF6F21E5005A200CC0E4F /* Sources */,
				EE6FF6F31E5005A200CC0E4F /* Frameworks */,
				EE6FF6F41E5005A200CC0E4F /* Resources */,
			);
			buildRules = (
			);
			dependencies = (
				EE6FF6F81E5005A200CC0E4F /* PBXTargetDependency */,
			);
			name = "Alcool ou GasolinaUITests";
			productName = "Alcool ou GasolinaUITests";
			productReference = EE6FF6F61E5005A200CC0E4F /* Alcool ou GasolinaUITests.xctest */;
			productType = "com.apple.product-type.bundle.ui-testing";
		};
/* End PBXNativeTarget section */

/* Begin PBXProject section */
		EE6FF6CF1E5005A100CC0E4F /* Project object */ = {
			isa = PBXProject;
			attributes = {
				LastSwiftUpdateCheck = 0820;
				LastUpgradeCheck = 0820;
				ORGANIZATIONNAME = "Andre Luiz Rodrigues";
				TargetAttributes = {
					EE6FF6D61E5005A100CC0E4F = {
						CreatedOnToolsVersion = 8.2.1;
						DevelopmentTeam = 5XAX7E7FAD;
						ProvisioningStyle = Automatic;
					};
					EE6FF6EA1E5005A100CC0E4F = {
						CreatedOnToolsVersion = 8.2.1;
						DevelopmentTeam = 5XAX7E7FAD;
						ProvisioningStyle = Automatic;
						TestTargetID = EE6FF6D61E5005A100CC0E4F;
					};
					EE6FF6F51E5005A200CC0E4F = {
						CreatedOnToolsVersion = 8.2.1;
						DevelopmentTeam = 5XAX7E7FAD;
						ProvisioningStyle = Automatic;
						TestTargetID = EE6FF6D61E5005A100CC0E4F;
					};
				};
			};
			buildConfigurationList = EE6FF6D21E5005A100CC0E4F /* Build configuration list for PBXProject "Alcool ou Gasolina" */;
			compatibilityVersion = "Xcode 3.2";
			developmentRegion = English;
			hasScannedForEncodings = 0;
			knownRegions = (
				en,
				Base,
			);
			mainGroup = EE6FF6CE1E5005A100CC0E4F;
			productRefGroup = EE6FF6D81E5005A100CC0E4F /* Products */;
			projectDirPath = "";
			projectRoot = "";
			targets = (
				EE6FF6D61E5005A100CC0E4F /* Alcool ou Gasolina */,
				EE6FF6EA1E5005A100CC0E4F /* Alcool ou GasolinaTests */,
				EE6FF6F51E5005A200CC0E4F /* Alcool ou GasolinaUITests */,
			);
		};
/* End PBXProject section */

/* Begin PBXResourcesBuildPhase section */
		EE6FF6D51E5005A100CC0E4F /* Resources */ = {
			isa = PBXResourcesBuildPhase;
			buildActionMask = 2147483647;
			files = (
				EE6FF6E51E5005A100CC0E4F /* LaunchScreen.storyboard in Resources */,
				EE6FF6E21E5005A100CC0E4F /* Assets.xcassets in Resources */,
				EE6FF6E01E5005A100CC0E4F /* Main.storyboard in Resources */,
			);
			runOnlyForDeploymentPostprocessing = 0;
		};
		EE6FF6E91E5005A100CC0E4F /* Resources */ = {
			isa = PBXResourcesBuildPhase;
			buildActionMask = 2147483647;
			files = (
			);
			runOnlyForDeploymentPostprocessing = 0;
		};
		EE6FF6F41E5005A200CC0E4F /* Resources */ = {
			isa = PBXResourcesBuildPhase;
			buildActionMask = 2147483647;
			files = (
			);
			runOnlyForDeploymentPostprocessing = 0;
		};
/* End PBXResourcesBuildPhase section */

/* Begin PBXSourcesBuildPhase section */
		EE6FF6D31E5005A100CC0E4F /* Sources */ = {
			isa = PBXSourcesBuildPhase;
			buildActionMask = 2147483647;
			files = (
				EE6FF6DD1E5005A100CC0E4F /* ViewController.swift in Sources */,
				EE6FF6DB1E5005A100CC0E4F /* AppDelegate.swift in Sources */,
			);
			runOnlyForDeploymentPostprocessing = 0;
		};
		EE6FF6E71E5005A100CC0E4F /* Sources */ = {
			isa = PBXSourcesBuildPhase;
			buildActionMask = 2147483647;
			files = (
				EE6FF6F01E5005A200CC0E4F /* Alcool_ou_GasolinaTests.swift in Sources */,
			);
			runOnlyForDeploymentPostprocessing = 0;
		};
		EE6FF6F21E5005A200CC0E4F /* Sources */ = {
			isa = PBXSourcesBuildPhase;
			buildActionMask = 2147483647;
			files = (
				EE6FF6FB1E5005A200CC0E4F /* Alcool_ou_GasolinaUITests.swift in Sources */,
			);
			runOnlyForDeploymentPostprocessing = 0;
		};
/* End PBXSourcesBuildPhase section */

/* Begin PBXTargetDependency section */
		EE6FF6ED1E5005A100CC0E4F /* PBXTargetDependency */ = {
			isa = PBXTargetDependency;
			target = EE6FF6D61E5005A100CC0E4F /* Alcool ou Gasolina */;
			targetProxy = EE6FF6EC1E5005A100CC0E4F /* PBXContainerItemProxy */;
		};
		EE6FF6F81E5005A200CC0E4F /* PBXTargetDependency */ = {
			isa = PBXTargetDependency;
			target = EE6FF6D61E5005A100CC0E4F /* Alcool ou Gasolina */;
			targetProxy = EE6FF6F71E5005A200CC0E4F /* PBXContainerItemProxy */;
		};
/* End PBXTargetDependency section */

/* Begin PBXVariantGroup section */
		EE6FF6DE1E5005A100CC0E4F /* Main.storyboard */ = {
			isa = PBXVariantGroup;
			children = (
				EE6FF6DF1E5005A100CC0E4F /* Base */,
			);
			name = Main.storyboard;
			sourceTree = "<group>";
		};
		EE6FF6E31E5005A100CC0E4F /* LaunchScreen.storyboard */ = {
			isa = PBXVariantGroup;
			children = (
				EE6FF6E41E5005A100CC0E4F /* Base */,
			);
			name = LaunchScreen.storyboard;
			sourceTree = "<group>";
		};
/* End PBXVariantGroup section */

/* Begin XCBuildConfiguration section */
		EE6FF6FD1E5005A200CC0E4F /* Debug */ = {
			isa = XCBuildConfiguration;
			buildSettings = {
				ALWAYS_SEARCH_USER_PATHS = NO;
				CLANG_ANALYZER_NONNULL = YES;
				CLANG_CXX_LANGUAGE_STANDARD = "gnu++0x";
				CLANG_CXX_LIBRARY = "libc++";
				CLANG_ENABLE_MODULES = YES;
				CLANG_ENABLE_OBJC_ARC = YES;
				CLANG_WARN_BOOL_CONVERSION = YES;
				CLANG_WARN_CONSTANT_CONVERSION = YES;
				CLANG_WARN_DIRECT_OBJC_ISA_USAGE = YES_ERROR;
				CLANG_WARN_DOCUMENTATION_COMMENTS = YES;
				CLANG_WARN_EMPTY_BODY = YES;
				CLANG_WARN_ENUM_CONVERSION = YES;
				CLANG_WARN_INFINITE_RECURSION = YES;
				CLANG_WARN_INT_CONVERSION = YES;
				CLANG_WARN_OBJC_ROOT_CLASS = YES_ERROR;
				CLANG_WARN_SUSPICIOUS_MOVE = YES;
				CLANG_WARN_UNREACHABLE_CODE = YES;
				CLANG_WARN__DUPLICATE_METHOD_MATCH = YES;
				"CODE_SIGN_IDENTITY[sdk=iphoneos*]" = "iPhone Developer";
				COPY_PHASE_STRIP = NO;
				DEBUG_INFORMATION_FORMAT = dwarf;
				ENABLE_STRICT_OBJC_MSGSEND = YES;
				ENABLE_TESTABILITY = YES;
				GCC_C_LANGUAGE_STANDARD = gnu99;
				GCC_DYNAMIC_NO_PIC = NO;
				GCC_NO_COMMON_BLOCKS = YES;
				GCC_OPTIMIZATION_LEVEL = 0;
				GCC_PREPROCESSOR_DEFINITIONS = (
					"DEBUG=1",
					"$(inherited)",
				);
				GCC_WARN_64_TO_32_BIT_CONVERSION = YES;
				GCC_WARN_ABOUT_RETURN_TYPE = YES_ERROR;
				GCC_WARN_UNDECLARED_SELECTOR = YES;
				GCC_WARN_UNINITIALIZED_AUTOS = YES_AGGRESSIVE;
				GCC_WARN_UNUSED_FUNCTION = YES;
				GCC_WARN_UNUSED_VARIABLE = YES;
				IPHONEOS_DEPLOYMENT_TARGET = 10.2;
				MTL_ENABLE_DEBUG_INFO = YES;
				ONLY_ACTIVE_ARCH = YES;
				SDKROOT = iphoneos;
				SWIFT_ACTIVE_COMPILATION_CONDITIONS = DEBUG;
				SWIFT_OPTIMIZATION_LEVEL = "-Onone";
			};
			name = Debug;
		};
		EE6FF6FE1E5005A200CC0E4F /* Release */ = {
			isa = XCBuildConfiguration;
			buildSettings = {
				ALWAYS_SEARCH_USER_PATHS = NO;
				CLANG_ANALYZER_NONNULL = YES;
				CLANG_CXX_LANGUAGE_STANDARD = "gnu++0x";
				CLANG_CXX_LIBRARY = "libc++";
				CLANG_ENABLE_MODULES = YES;
				CLANG_ENABLE_OBJC_ARC = YES;
				CLANG_WARN_BOOL_CONVERSION = YES;
				CLANG_WARN_CONSTANT_CONVERSION = YES;
				CLANG_WARN_DIRECT_OBJC_ISA_USAGE = YES_ERROR;
				CLANG_WARN_DOCUMENTATION_COMMENTS = YES;
				CLANG_WARN_EMPTY_BODY = YES;
				CLANG_WARN_ENUM_CONVERSION = YES;
				CLANG_WARN_INFINITE_RECURSION = YES;
				CLANG_WARN_INT_CONVERSION = YES;
				CLANG_WARN_OBJC_ROOT_CLASS = YES_ERROR;
				CLANG_WARN_SUSPICIOUS_MOVE = YES;
				CLANG_WARN_UNREACHABLE_CODE = YES;
				CLANG_WARN__DUPLICATE_METHOD_MATCH = YES;
				"CODE_SIGN_IDENTITY[sdk=iphoneos*]" = "iPhone Developer";
				COPY_PHASE_STRIP = NO;
				DEBUG_INFORMATION_FORMAT = "dwarf-with-dsym";
				ENABLE_NS_ASSERTIONS = NO;
				ENABLE_STRICT_OBJC_MSGSEND = YES;
				GCC_C_LANGUAGE_STANDARD = gnu99;
				GCC_NO_COMMON_BLOCKS = YES;
				GCC_WARN_64_TO_32_BIT_CONVERSION = YES;
				GCC_WARN_ABOUT_RETURN_TYPE = YES_ERROR;
				GCC_WARN_UNDECLARED_SELECTOR = YES;
				GCC_WARN_UNINITIALIZED_AUTOS = YES_AGGRESSIVE;
				GCC_WARN_UNUSED_FUNCTION = YES;
				GCC_WARN_UNUSED_VARIABLE = YES;
				IPHONEOS_DEPLOYMENT_TARGET = 10.2;
				MTL_ENABLE_DEBUG_INFO = NO;
				SDKROOT = iphoneos;
				SWIFT_OPTIMIZATION_LEVEL = "-Owholemodule";
				VALIDATE_PRODUCT = YES;
			};
			name = Release;
		};
		EE6FF7001E5005A200CC0E4F /* Debug */ = {
			isa = XCBuildConfiguration;
			buildSettings = {
				ASSETCATALOG_COMPILER_APPICON_NAME = AppIcon;
				DEVELOPMENT_TEAM = 5XAX7E7FAD;
				INFOPLIST_FILE = "Alcool ou Gasolina/Info.plist";
				LD_RUNPATH_SEARCH_PATHS = "$(inherited) @executable_path/Frameworks";
				PRODUCT_BUNDLE_IDENTIFIER = "Don-Ratone.Alcool-ou-Gasolina";
				PRODUCT_NAME = "$(TARGET_NAME)";
				SWIFT_VERSION = 3.0;
			};
			name = Debug;
		};
		EE6FF7011E5005A200CC0E4F /* Release */ = {
			isa = XCBuildConfiguration;
			buildSettings = {
				ASSETCATALOG_COMPILER_APPICON_NAME = AppIcon;
				DEVELOPMENT_TEAM = 5XAX7E7FAD;
				INFOPLIST_FILE = "Alcool ou Gasolina/Info.plist";
				LD_RUNPATH_SEARCH_PATHS = "$(inherited) @executable_path/Frameworks";
				PRODUCT_BUNDLE_IDENTIFIER = "Don-Ratone.Alcool-ou-Gasolina";
				PRODUCT_NAME = "$(TARGET_NAME)";
				SWIFT_VERSION = 3.0;
			};
			name = Release;
		};
		EE6FF7031E5005A200CC0E4F /* Debug */ = {
			isa = XCBuildConfiguration;
			buildSettings = {
				ALWAYS_EMBED_SWIFT_STANDARD_LIBRARIES = YES;
				BUNDLE_LOADER = "$(TEST_HOST)";
				DEVELOPMENT_TEAM = 5XAX7E7FAD;
				INFOPLIST_FILE = "Alcool ou GasolinaTests/Info.plist";
				LD_RUNPATH_SEARCH_PATHS = "$(inherited) @executable_path/Frameworks @loader_path/Frameworks";
				PRODUCT_BUNDLE_IDENTIFIER = "Don-Ratone.Alcool-ou-GasolinaTests";
				PRODUCT_NAME = "$(TARGET_NAME)";
				SWIFT_VERSION = 3.0;
				TEST_HOST = "$(BUILT_PRODUCTS_DIR)/Alcool ou Gasolina.app/Alcool ou Gasolina";
			};
			name = Debug;
		};
		EE6FF7041E5005A200CC0E4F /* Release */ = {
			isa = XCBuildConfiguration;
			buildSettings = {
				ALWAYS_EMBED_SWIFT_STANDARD_LIBRARIES = YES;
				BUNDLE_LOADER = "$(TEST_HOST)";
				DEVELOPMENT_TEAM = 5XAX7E7FAD;
				INFOPLIST_FILE = "Alcool ou GasolinaTests/Info.plist";
				LD_RUNPATH_SEARCH_PATHS = "$(inherited) @executable_path/Frameworks @loader_path/Frameworks";
				PRODUCT_BUNDLE_IDENTIFIER = "Don-Ratone.Alcool-ou-GasolinaTests";
				PRODUCT_NAME = "$(TARGET_NAME)";
				SWIFT_VERSION = 3.0;
				TEST_HOST = "$(BUILT_PRODUCTS_DIR)/Alcool ou Gasolina.app/Alcool ou Gasolina";
			};
			name = Release;
		};
		EE6FF7061E5005A200CC0E4F /* Debug */ = {
			isa = XCBuildConfiguration;
			buildSettings = {
				ALWAYS_EMBED_SWIFT_STANDARD_LIBRARIES = YES;
				DEVELOPMENT_TEAM = 5XAX7E7FAD;
				INFOPLIST_FILE = "Alcool ou GasolinaUITests/Info.plist";
				LD_RUNPATH_SEARCH_PATHS = "$(inherited) @executable_path/Frameworks @loader_path/Frameworks";
				PRODUCT_BUNDLE_IDENTIFIER = "Don-Ratone.Alcool-ou-GasolinaUITests";
				PRODUCT_NAME = "$(TARGET_NAME)";
				SWIFT_VERSION = 3.0;
				TEST_TARGET_NAME = "Alcool ou Gasolina";
			};
			name = Debug;
		};
		EE6FF7071E5005A200CC0E4F /* Release */ = {
			isa = XCBuildConfiguration;
			buildSettings = {
				ALWAYS_EMBED_SWIFT_STANDARD_LIBRARIES = YES;
				DEVELOPMENT_TEAM = 5XAX7E7FAD;
				INFOPLIST_FILE = "Alcool ou GasolinaUITests/Info.plist";
				LD_RUNPATH_SEARCH_PATHS = "$(inherited) @executable_path/Frameworks @loader_path/Frameworks";
				PRODUCT_BUNDLE_IDENTIFIER = "Don-Ratone.Alcool-ou-GasolinaUITests";
				PRODUCT_NAME = "$(TARGET_NAME)";
				SWIFT_VERSION = 3.0;
				TEST_TARGET_NAME = "Alcool ou Gasolina";
			};
			name = Release;
		};
/* End XCBuildConfiguration section */

/* Begin XCConfigurationList section */
		EE6FF6D21E5005A100CC0E4F /* Build configuration list for PBXProject "Alcool ou Gasolina" */ = {
			isa = XCConfigurationList;
			buildConfigurations = (
				EE6FF6FD1E5005A200CC0E4F /* Debug */,
				EE6FF6FE1E5005A200CC0E4F /* Release */,
			);
			defaultConfigurationIsVisible = 0;
			defaultConfigurationName = Release;
		};
		EE6FF6FF1E5005A200CC0E4F /* Build configuration list for PBXNativeTarget "Alcool ou Gasolina" */ = {
			isa = XCConfigurationList;
			buildConfigurations = (
				EE6FF7001E5005A200CC0E4F /* Debug */,
				EE6FF7011E5005A200CC0E4F /* Release */,
			);
			defaultConfigurationIsVisible = 0;
		};
		EE6FF7021E5005A200CC0E4F /* Build configuration list for PBXNativeTarget "Alcool ou GasolinaTests" */ = {
			isa = XCConfigurationList;
			buildConfigurations = (
				EE6FF7031E5005A200CC0E4F /* Debug */,
				EE6FF7041E5005A200CC0E4F /* Release */,
			);
			defaultConfigurationIsVisible = 0;
		};
		EE6FF7051E5005A200CC0E4F /* Build configuration list for PBXNativeTarget "Alcool ou GasolinaUITests" */ = {
			isa = XCConfigurationList;
			buildConfigurations = (
				EE6FF7061E5005A200CC0E4F /* Debug */,
				EE6FF7071E5005A200CC0E4F /* Release */,
			);
			defaultConfigurationIsVisible = 0;
		};
/* End XCConfigurationList section */
	};
	rootObject = EE6FF6CF1E5005A100CC0E4F /* Project object */;
}
