// !$*UTF8*$!
{
	archiveVersion = 1;
	classes = {
	};
	objectVersion = 46;
	objects = {

/* Begin PBXBuildFile section */
		EEE0643B1E62694300ADBB17 /* AppDelegate.swift in Sources */ = {isa = PBXBuildFile; fileRef = EEE0643A1E62694300ADBB17 /* AppDelegate.swift */; };
		EEE0643D1E62694300ADBB17 /* ViewController.swift in Sources */ = {isa = PBXBuildFile; fileRef = EEE0643C1E62694300ADBB17 /* ViewController.swift */; };
		EEE064401E62694300ADBB17 /* Main.storyboard in Resources */ = {isa = PBXBuildFile; fileRef = EEE0643E1E62694300ADBB17 /* Main.storyboard */; };
		EEE064421E62694300ADBB17 /* Assets.xcassets in Resources */ = {isa = PBXBuildFile; fileRef = EEE064411E62694300ADBB17 /* Assets.xcassets */; };
		EEE064451E62694300ADBB17 /* LaunchScreen.storyboard in Resources */ = {isa = PBXBuildFile; fileRef = EEE064431E62694300ADBB17 /* LaunchScreen.storyboard */; };
		EEE064501E62694300ADBB17 /* SignosTests.swift in Sources */ = {isa = PBXBuildFile; fileRef = EEE0644F1E62694300ADBB17 /* SignosTests.swift */; };
		EEE0645B1E62694300ADBB17 /* SignosUITests.swift in Sources */ = {isa = PBXBuildFile; fileRef = EEE0645A1E62694300ADBB17 /* SignosUITests.swift */; };
/* End PBXBuildFile section */

/* Begin PBXContainerItemProxy section */
		EEE0644C1E62694300ADBB17 /* PBXContainerItemProxy */ = {
			isa = PBXContainerItemProxy;
			containerPortal = EEE0642F1E62694300ADBB17 /* Project object */;
			proxyType = 1;
			remoteGlobalIDString = EEE064361E62694300ADBB17;
			remoteInfo = Signos;
		};
		EEE064571E62694300ADBB17 /* PBXContainerItemProxy */ = {
			isa = PBXContainerItemProxy;
			containerPortal = EEE0642F1E62694300ADBB17 /* Project object */;
			proxyType = 1;
			remoteGlobalIDString = EEE064361E62694300ADBB17;
			remoteInfo = Signos;
		};
/* End PBXContainerItemProxy section */

/* Begin PBXFileReference section */
		EEE064371E62694300ADBB17 /* Signos.app */ = {isa = PBXFileReference; explicitFileType = wrapper.application; includeInIndex = 0; path = Signos.app; sourceTree = BUILT_PRODUCTS_DIR; };
		EEE0643A1E62694300ADBB17 /* AppDelegate.swift */ = {isa = PBXFileReference; lastKnownFileType = sourcecode.swift; path = AppDelegate.swift; sourceTree = "<group>"; };
		EEE0643C1E62694300ADBB17 /* ViewController.swift */ = {isa = PBXFileReference; lastKnownFileType = sourcecode.swift; path = ViewController.swift; sourceTree = "<group>"; };
		EEE0643F1E62694300ADBB17 /* Base */ = {isa = PBXFileReference; lastKnownFileType = file.storyboard; name = Base; path = Base.lproj/Main.storyboard; sourceTree = "<group>"; };
		EEE064411E62694300ADBB17 /* Assets.xcassets */ = {isa = PBXFileReference; lastKnownFileType = folder.assetcatalog; path = Assets.xcassets; sourceTree = "<group>"; };
		EEE064441E62694300ADBB17 /* Base */ = {isa = PBXFileReference; lastKnownFileType = file.storyboard; name = Base; path = Base.lproj/LaunchScreen.storyboard; sourceTree = "<group>"; };
		EEE064461E62694300ADBB17 /* Info.plist */ = {isa = PBXFileReference; lastKnownFileType = text.plist.xml; path = Info.plist; sourceTree = "<group>"; };
		EEE0644B1E62694300ADBB17 /* SignosTests.xctest */ = {isa = PBXFileReference; explicitFileType = wrapper.cfbundle; includeInIndex = 0; path = SignosTests.xctest; sourceTree = BUILT_PRODUCTS_DIR; };
		EEE0644F1E62694300ADBB17 /* SignosTests.swift */ = {isa = PBXFileReference; lastKnownFileType = sourcecode.swift; path = SignosTests.swift; sourceTree = "<group>"; };
		EEE064511E62694300ADBB17 /* Info.plist */ = {isa = PBXFileReference; lastKnownFileType = text.plist.xml; path = Info.plist; sourceTree = "<group>"; };
		EEE064561E62694300ADBB17 /* SignosUITests.xctest */ = {isa = PBXFileReference; explicitFileType = wrapper.cfbundle; includeInIndex = 0; path = SignosUITests.xctest; sourceTree = BUILT_PRODUCTS_DIR; };
		EEE0645A1E62694300ADBB17 /* SignosUITests.swift */ = {isa = PBXFileReference; lastKnownFileType = sourcecode.swift; path = SignosUITests.swift; sourceTree = "<group>"; };
		EEE0645C1E62694300ADBB17 /* Info.plist */ = {isa = PBXFileReference; lastKnownFileType = text.plist.xml; path = Info.plist; sourceTree = "<group>"; };
/* End PBXFileReference section */

/* Begin PBXFrameworksBuildPhase section */
		EEE064341E62694300ADBB17 /* Frameworks */ = {
			isa = PBXFrameworksBuildPhase;
			buildActionMask = 2147483647;
			files = (
			);
			runOnlyForDeploymentPostprocessing = 0;
		};
		EEE064481E62694300ADBB17 /* Frameworks */ = {
			isa = PBXFrameworksBuildPhase;
			buildActionMask = 2147483647;
			files = (
			);
			runOnlyForDeploymentPostprocessing = 0;
		};
		EEE064531E62694300ADBB17 /* Frameworks */ = {
			isa = PBXFrameworksBuildPhase;
			buildActionMask = 2147483647;
			files = (
			);
			runOnlyForDeploymentPostprocessing = 0;
		};
/* End PBXFrameworksBuildPhase section */

/* Begin PBXGroup section */
		EEE0642E1E62694300ADBB17 = {
			isa = PBXGroup;
			children = (
				EEE064391E62694300ADBB17 /* Signos */,
				EEE0644E1E62694300ADBB17 /* SignosTests */,
				EEE064591E62694300ADBB17 /* SignosUITests */,
				EEE064381E62694300ADBB17 /* Products */,
			);
			sourceTree = "<group>";
		};
		EEE064381E62694300ADBB17 /* Products */ = {
			isa = PBXGroup;
			children = (
				EEE064371E62694300ADBB17 /* Signos.app */,
				EEE0644B1E62694300ADBB17 /* SignosTests.xctest */,
				EEE064561E62694300ADBB17 /* SignosUITests.xctest */,
			);
			name = Products;
			sourceTree = "<group>";
		};
		EEE064391E62694300ADBB17 /* Signos */ = {
			isa = PBXGroup;
			children = (
				EEE0643A1E62694300ADBB17 /* AppDelegate.swift */,
				EEE0643C1E62694300ADBB17 /* ViewController.swift */,
				EEE0643E1E62694300ADBB17 /* Main.storyboard */,
				EEE064411E62694300ADBB17 /* Assets.xcassets */,
				EEE064431E62694300ADBB17 /* LaunchScreen.storyboard */,
				EEE064461E62694300ADBB17 /* Info.plist */,
			);
			path = Signos;
			sourceTree = "<group>";
		};
		EEE0644E1E62694300ADBB17 /* SignosTests */ = {
			isa = PBXGroup;
			children = (
				EEE0644F1E62694300ADBB17 /* SignosTests.swift */,
				EEE064511E62694300ADBB17 /* Info.plist */,
			);
			path = SignosTests;
			sourceTree = "<group>";
		};
		EEE064591E62694300ADBB17 /* SignosUITests */ = {
			isa = PBXGroup;
			children = (
				EEE0645A1E62694300ADBB17 /* SignosUITests.swift */,
				EEE0645C1E62694300ADBB17 /* Info.plist */,
			);
			path = SignosUITests;
			sourceTree = "<group>";
		};
/* End PBXGroup section */

/* Begin PBXNativeTarget section */
		EEE064361E62694300ADBB17 /* Signos */ = {
			isa = PBXNativeTarget;
			buildConfigurationList = EEE0645F1E62694300ADBB17 /* Build configuration list for PBXNativeTarget "Signos" */;
			buildPhases = (
				EEE064331E62694300ADBB17 /* Sources */,
				EEE064341E62694300ADBB17 /* Frameworks */,
				EEE064351E62694300ADBB17 /* Resources */,
			);
			buildRules = (
			);
			dependencies = (
			);
			name = Signos;
			productName = Signos;
			productReference = EEE064371E62694300ADBB17 /* Signos.app */;
			productType = "com.apple.product-type.application";
		};
		EEE0644A1E62694300ADBB17 /* SignosTests */ = {
			isa = PBXNativeTarget;
			buildConfigurationList = EEE064621E62694300ADBB17 /* Build configuration list for PBXNativeTarget "SignosTests" */;
			buildPhases = (
				EEE064471E62694300ADBB17 /* Sources */,
				EEE064481E62694300ADBB17 /* Frameworks */,
				EEE064491E62694300ADBB17 /* Resources */,
			);
			buildRules = (
			);
			dependencies = (
				EEE0644D1E62694300ADBB17 /* PBXTargetDependency */,
			);
			name = SignosTests;
			productName = SignosTests;
			productReference = EEE0644B1E62694300ADBB17 /* SignosTests.xctest */;
			productType = "com.apple.product-type.bundle.unit-test";
		};
		EEE064551E62694300ADBB17 /* SignosUITests */ = {
			isa = PBXNativeTarget;
			buildConfigurationList = EEE064651E62694300ADBB17 /* Build configuration list for PBXNativeTarget "SignosUITests" */;
			buildPhases = (
				EEE064521E62694300ADBB17 /* Sources */,
				EEE064531E62694300ADBB17 /* Frameworks */,
				EEE064541E62694300ADBB17 /* Resources */,
			);
			buildRules = (
			);
			dependencies = (
				EEE064581E62694300ADBB17 /* PBXTargetDependency */,
			);
			name = SignosUITests;
			productName = SignosUITests;
			productReference = EEE064561E62694300ADBB17 /* SignosUITests.xctest */;
			productType = "com.apple.product-type.bundle.ui-testing";
		};
/* End PBXNativeTarget section */

/* Begin PBXProject section */
		EEE0642F1E62694300ADBB17 /* Project object */ = {
			isa = PBXProject;
			attributes = {
				LastSwiftUpdateCheck = 0820;
				LastUpgradeCheck = 0820;
				ORGANIZATIONNAME = "Andre Luiz Rodrigues";
				TargetAttributes = {
					EEE064361E62694300ADBB17 = {
						CreatedOnToolsVersion = 8.2.1;
						DevelopmentTeam = 5XAX7E7FAD;
						ProvisioningStyle = Automatic;
					};
					EEE0644A1E62694300ADBB17 = {
						CreatedOnToolsVersion = 8.2.1;
						DevelopmentTeam = 5XAX7E7FAD;
						ProvisioningStyle = Automatic;
						TestTargetID = EEE064361E62694300ADBB17;
					};
					EEE064551E62694300ADBB17 = {
						CreatedOnToolsVersion = 8.2.1;
						DevelopmentTeam = 5XAX7E7FAD;
						ProvisioningStyle = Automatic;
						TestTargetID = EEE064361E62694300ADBB17;
					};
				};
			};
			buildConfigurationList = EEE064321E62694300ADBB17 /* Build configuration list for PBXProject "Signos" */;
			compatibilityVersion = "Xcode 3.2";
			developmentRegion = English;
			hasScannedForEncodings = 0;
			knownRegions = (
				en,
				Base,
			);
			mainGroup = EEE0642E1E62694300ADBB17;
			productRefGroup = EEE064381E62694300ADBB17 /* Products */;
			projectDirPath = "";
			projectRoot = "";
			targets = (
				EEE064361E62694300ADBB17 /* Signos */,
				EEE0644A1E62694300ADBB17 /* SignosTests */,
				EEE064551E62694300ADBB17 /* SignosUITests */,
			);
		};
/* End PBXProject section */

/* Begin PBXResourcesBuildPhase section */
		EEE064351E62694300ADBB17 /* Resources */ = {
			isa = PBXResourcesBuildPhase;
			buildActionMask = 2147483647;
			files = (
				EEE064451E62694300ADBB17 /* LaunchScreen.storyboard in Resources */,
				EEE064421E62694300ADBB17 /* Assets.xcassets in Resources */,
				EEE064401E62694300ADBB17 /* Main.storyboard in Resources */,
			);
			runOnlyForDeploymentPostprocessing = 0;
		};
		EEE064491E62694300ADBB17 /* Resources */ = {
			isa = PBXResourcesBuildPhase;
			buildActionMask = 2147483647;
			files = (
			);
			runOnlyForDeploymentPostprocessing = 0;
		};
		EEE064541E62694300ADBB17 /* Resources */ = {
			isa = PBXResourcesBuildPhase;
			buildActionMask = 2147483647;
			files = (
			);
			runOnlyForDeploymentPostprocessing = 0;
		};
/* End PBXResourcesBuildPhase section */

/* Begin PBXSourcesBuildPhase section */
		EEE064331E62694300ADBB17 /* Sources */ = {
			isa = PBXSourcesBuildPhase;
			buildActionMask = 2147483647;
			files = (
				EEE0643D1E62694300ADBB17 /* ViewController.swift in Sources */,
				EEE0643B1E62694300ADBB17 /* AppDelegate.swift in Sources */,
			);
			runOnlyForDeploymentPostprocessing = 0;
		};
		EEE064471E62694300ADBB17 /* Sources */ = {
			isa = PBXSourcesBuildPhase;
			buildActionMask = 2147483647;
			files = (
				EEE064501E62694300ADBB17 /* SignosTests.swift in Sources */,
			);
			runOnlyForDeploymentPostprocessing = 0;
		};
		EEE064521E62694300ADBB17 /* Sources */ = {
			isa = PBXSourcesBuildPhase;
			buildActionMask = 2147483647;
			files = (
				EEE0645B1E62694300ADBB17 /* SignosUITests.swift in Sources */,
			);
			runOnlyForDeploymentPostprocessing = 0;
		};
/* End PBXSourcesBuildPhase section */

/* Begin PBXTargetDependency section */
		EEE0644D1E62694300ADBB17 /* PBXTargetDependency */ = {
			isa = PBXTargetDependency;
			target = EEE064361E62694300ADBB17 /* Signos */;
			targetProxy = EEE0644C1E62694300ADBB17 /* PBXContainerItemProxy */;
		};
		EEE064581E62694300ADBB17 /* PBXTargetDependency */ = {
			isa = PBXTargetDependency;
			target = EEE064361E62694300ADBB17 /* Signos */;
			targetProxy = EEE064571E62694300ADBB17 /* PBXContainerItemProxy */;
		};
/* End PBXTargetDependency section */

/* Begin PBXVariantGroup section */
		EEE0643E1E62694300ADBB17 /* Main.storyboard */ = {
			isa = PBXVariantGroup;
			children = (
				EEE0643F1E62694300ADBB17 /* Base */,
			);
			name = Main.storyboard;
			sourceTree = "<group>";
		};
		EEE064431E62694300ADBB17 /* LaunchScreen.storyboard */ = {
			isa = PBXVariantGroup;
			children = (
				EEE064441E62694300ADBB17 /* Base */,
			);
			name = LaunchScreen.storyboard;
			sourceTree = "<group>";
		};
/* End PBXVariantGroup section */

/* Begin XCBuildConfiguration section */
		EEE0645D1E62694300ADBB17 /* Debug */ = {
			isa = XCBuildConfiguration;
			buildSettings = {
				ALWAYS_SEARCH_USER_PATHS = NO;
				CLANG_ANALYZER_NONNULL = YES;
				CLANG_CXX_LANGUAGE_STANDARD = "gnu++0x";
				CLANG_CXX_LIBRARY = "libc++";
				CLANG_ENABLE_MODULES = YES;
				CLANG_ENABLE_OBJC_ARC = YES;
				CLANG_WARN_BOOL_CONVERSION = YES;
				CLANG_WARN_CONSTANT_CONVERSION = YES;
				CLANG_WARN_DIRECT_OBJC_ISA_USAGE = YES_ERROR;
				CLANG_WARN_DOCUMENTATION_COMMENTS = YES;
				CLANG_WARN_EMPTY_BODY = YES;
				CLANG_WARN_ENUM_CONVERSION = YES;
				CLANG_WARN_INFINITE_RECURSION = YES;
				CLANG_WARN_INT_CONVERSION = YES;
				CLANG_WARN_OBJC_ROOT_CLASS = YES_ERROR;
				CLANG_WARN_SUSPICIOUS_MOVE = YES;
				CLANG_WARN_UNREACHABLE_CODE = YES;
				CLANG_WARN__DUPLICATE_METHOD_MATCH = YES;
				"CODE_SIGN_IDENTITY[sdk=iphoneos*]" = "iPhone Developer";
				COPY_PHASE_STRIP = NO;
				DEBUG_INFORMATION_FORMAT = dwarf;
				ENABLE_STRICT_OBJC_MSGSEND = YES;
				ENABLE_TESTABILITY = YES;
				GCC_C_LANGUAGE_STANDARD = gnu99;
				GCC_DYNAMIC_NO_PIC = NO;
				GCC_NO_COMMON_BLOCKS = YES;
				GCC_OPTIMIZATION_LEVEL = 0;
				GCC_PREPROCESSOR_DEFINITIONS = (
					"DEBUG=1",
					"$(inherited)",
				);
				GCC_WARN_64_TO_32_BIT_CONVERSION = YES;
				GCC_WARN_ABOUT_RETURN_TYPE = YES_ERROR;
				GCC_WARN_UNDECLARED_SELECTOR = YES;
				GCC_WARN_UNINITIALIZED_AUTOS = YES_AGGRESSIVE;
				GCC_WARN_UNUSED_FUNCTION = YES;
				GCC_WARN_UNUSED_VARIABLE = YES;
				IPHONEOS_DEPLOYMENT_TARGET = 10.2;
				MTL_ENABLE_DEBUG_INFO = YES;
				ONLY_ACTIVE_ARCH = YES;
				SDKROOT = iphoneos;
				SWIFT_ACTIVE_COMPILATION_CONDITIONS = DEBUG;
				SWIFT_OPTIMIZATION_LEVEL = "-Onone";
			};
			name = Debug;
		};
		EEE0645E1E62694300ADBB17 /* Release */ = {
			isa = XCBuildConfiguration;
			buildSettings = {
				ALWAYS_SEARCH_USER_PATHS = NO;
				CLANG_ANALYZER_NONNULL = YES;
				CLANG_CXX_LANGUAGE_STANDARD = "gnu++0x";
				CLANG_CXX_LIBRARY = "libc++";
				CLANG_ENABLE_MODULES = YES;
				CLANG_ENABLE_OBJC_ARC = YES;
				CLANG_WARN_BOOL_CONVERSION = YES;
				CLANG_WARN_CONSTANT_CONVERSION = YES;
				CLANG_WARN_DIRECT_OBJC_ISA_USAGE = YES_ERROR;
				CLANG_WARN_DOCUMENTATION_COMMENTS = YES;
				CLANG_WARN_EMPTY_BODY = YES;
				CLANG_WARN_ENUM_CONVERSION = YES;
				CLANG_WARN_INFINITE_RECURSION = YES;
				CLANG_WARN_INT_CONVERSION = YES;
				CLANG_WARN_OBJC_ROOT_CLASS = YES_ERROR;
				CLANG_WARN_SUSPICIOUS_MOVE = YES;
				CLANG_WARN_UNREACHABLE_CODE = YES;
				CLANG_WARN__DUPLICATE_METHOD_MATCH = YES;
				"CODE_SIGN_IDENTITY[sdk=iphoneos*]" = "iPhone Developer";
				COPY_PHASE_STRIP = NO;
				DEBUG_INFORMATION_FORMAT = "dwarf-with-dsym";
				ENABLE_NS_ASSERTIONS = NO;
				ENABLE_STRICT_OBJC_MSGSEND = YES;
				GCC_C_LANGUAGE_STANDARD = gnu99;
				GCC_NO_COMMON_BLOCKS = YES;
				GCC_WARN_64_TO_32_BIT_CONVERSION = YES;
				GCC_WARN_ABOUT_RETURN_TYPE = YES_ERROR;
				GCC_WARN_UNDECLARED_SELECTOR = YES;
				GCC_WARN_UNINITIALIZED_AUTOS = YES_AGGRESSIVE;
				GCC_WARN_UNUSED_FUNCTION = YES;
				GCC_WARN_UNUSED_VARIABLE = YES;
				IPHONEOS_DEPLOYMENT_TARGET = 10.2;
				MTL_ENABLE_DEBUG_INFO = NO;
				SDKROOT = iphoneos;
				SWIFT_OPTIMIZATION_LEVEL = "-Owholemodule";
				VALIDATE_PRODUCT = YES;
			};
			name = Release;
		};
		EEE064601E62694300ADBB17 /* Debug */ = {
			isa = XCBuildConfiguration;
			buildSettings = {
				ASSETCATALOG_COMPILER_APPICON_NAME = AppIcon;
				DEVELOPMENT_TEAM = 5XAX7E7FAD;
				INFOPLIST_FILE = Signos/Info.plist;
				LD_RUNPATH_SEARCH_PATHS = "$(inherited) @executable_path/Frameworks";
				PRODUCT_BUNDLE_IDENTIFIER = "Don-Ratone.Signos";
				PRODUCT_NAME = "$(TARGET_NAME)";
				SWIFT_VERSION = 3.0;
			};
			name = Debug;
		};
		EEE064611E62694300ADBB17 /* Release */ = {
			isa = XCBuildConfiguration;
			buildSettings = {
				ASSETCATALOG_COMPILER_APPICON_NAME = AppIcon;
				DEVELOPMENT_TEAM = 5XAX7E7FAD;
				INFOPLIST_FILE = Signos/Info.plist;
				LD_RUNPATH_SEARCH_PATHS = "$(inherited) @executable_path/Frameworks";
				PRODUCT_BUNDLE_IDENTIFIER = "Don-Ratone.Signos";
				PRODUCT_NAME = "$(TARGET_NAME)";
				SWIFT_VERSION = 3.0;
			};
			name = Release;
		};
		EEE064631E62694300ADBB17 /* Debug */ = {
			isa = XCBuildConfiguration;
			buildSettings = {
				ALWAYS_EMBED_SWIFT_STANDARD_LIBRARIES = YES;
				BUNDLE_LOADER = "$(TEST_HOST)";
				DEVELOPMENT_TEAM = 5XAX7E7FAD;
				INFOPLIST_FILE = SignosTests/Info.plist;
				LD_RUNPATH_SEARCH_PATHS = "$(inherited) @executable_path/Frameworks @loader_path/Frameworks";
				PRODUCT_BUNDLE_IDENTIFIER = "Don-Ratone.SignosTests";
				PRODUCT_NAME = "$(TARGET_NAME)";
				SWIFT_VERSION = 3.0;
				TEST_HOST = "$(BUILT_PRODUCTS_DIR)/Signos.app/Signos";
			};
			name = Debug;
		};
		EEE064641E62694300ADBB17 /* Release */ = {
			isa = XCBuildConfiguration;
			buildSettings = {
				ALWAYS_EMBED_SWIFT_STANDARD_LIBRARIES = YES;
				BUNDLE_LOADER = "$(TEST_HOST)";
				DEVELOPMENT_TEAM = 5XAX7E7FAD;
				INFOPLIST_FILE = SignosTests/Info.plist;
				LD_RUNPATH_SEARCH_PATHS = "$(inherited) @executable_path/Frameworks @loader_path/Frameworks";
				PRODUCT_BUNDLE_IDENTIFIER = "Don-Ratone.SignosTests";
				PRODUCT_NAME = "$(TARGET_NAME)";
				SWIFT_VERSION = 3.0;
				TEST_HOST = "$(BUILT_PRODUCTS_DIR)/Signos.app/Signos";
			};
			name = Release;
		};
		EEE064661E62694300ADBB17 /* Debug */ = {
			isa = XCBuildConfiguration;
			buildSettings = {
				ALWAYS_EMBED_SWIFT_STANDARD_LIBRARIES = YES;
				DEVELOPMENT_TEAM = 5XAX7E7FAD;
				INFOPLIST_FILE = SignosUITests/Info.plist;
				LD_RUNPATH_SEARCH_PATHS = "$(inherited) @executable_path/Frameworks @loader_path/Frameworks";
				PRODUCT_BUNDLE_IDENTIFIER = "Don-Ratone.SignosUITests";
				PRODUCT_NAME = "$(TARGET_NAME)";
				SWIFT_VERSION = 3.0;
				TEST_TARGET_NAME = Signos;
			};
			name = Debug;
		};
		EEE064671E62694300ADBB17 /* Release */ = {
			isa = XCBuildConfiguration;
			buildSettings = {
				ALWAYS_EMBED_SWIFT_STANDARD_LIBRARIES = YES;
				DEVELOPMENT_TEAM = 5XAX7E7FAD;
				INFOPLIST_FILE = SignosUITests/Info.plist;
				LD_RUNPATH_SEARCH_PATHS = "$(inherited) @executable_path/Frameworks @loader_path/Frameworks";
				PRODUCT_BUNDLE_IDENTIFIER = "Don-Ratone.SignosUITests";
				PRODUCT_NAME = "$(TARGET_NAME)";
				SWIFT_VERSION = 3.0;
				TEST_TARGET_NAME = Signos;
			};
			name = Release;
		};
/* End XCBuildConfiguration section */

/* Begin XCConfigurationList section */
		EEE064321E62694300ADBB17 /* Build configuration list for PBXProject "Signos" */ = {
			isa = XCConfigurationList;
			buildConfigurations = (
				EEE0645D1E62694300ADBB17 /* Debug */,
				EEE0645E1E62694300ADBB17 /* Release */,
			);
			defaultConfigurationIsVisible = 0;
			defaultConfigurationName = Release;
		};
		EEE0645F1E62694300ADBB17 /* Build configuration list for PBXNativeTarget "Signos" */ = {
			isa = XCConfigurationList;
			buildConfigurations = (
				EEE064601E62694300ADBB17 /* Debug */,
				EEE064611E62694300ADBB17 /* Release */,
			);
			defaultConfigurationIsVisible = 0;
		};
		EEE064621E62694300ADBB17 /* Build configuration list for PBXNativeTarget "SignosTests" */ = {
			isa = XCConfigurationList;
			buildConfigurations = (
				EEE064631E62694300ADBB17 /* Debug */,
				EEE064641E62694300ADBB17 /* Release */,
			);
			defaultConfigurationIsVisible = 0;
		};
		EEE064651E62694300ADBB17 /* Build configuration list for PBXNativeTarget "SignosUITests" */ = {
			isa = XCConfigurationList;
			buildConfigurations = (
				EEE064661E62694300ADBB17 /* Debug */,
				EEE064671E62694300ADBB17 /* Release */,
			);
			defaultConfigurationIsVisible = 0;
		};
/* End XCConfigurationList section */
	};
	rootObject = EEE0642F1E62694300ADBB17 /* Project object */;
}
